
Microsoft Visual Studio Solution File, Format Version 12.00
# Visual Studio Version 16
VisualStudioVersion = 16.0.29201.188
MinimumVisualStudioVersion = 10.0.40219.1
Project("{FAE04EC0-301F-11D3-BF4B-00C04F79EFBC}") = "BootcampCSharpDay1", "BootcampCSharpDay1\BootcampCSharpDay1.csproj", "{3BEC5AF2-D5B2-4C59-9AA1-2B9789002D22}"
EndProject
Global
	GlobalSection(SolutionConfigurationPlatforms) = preSolution
		Debug|Any CPU = Debug|Any CPU
		Release|Any CPU = Release|Any CPU
	EndGlobalSection
	GlobalSection(ProjectConfigurationPlatforms) = postSolution
		{3BEC5AF2-D5B2-4C59-9AA1-2B9789002D22}.Debug|Any CPU.ActiveCfg = Debug|Any CPU
		{3BEC5AF2-D5B2-4C59-9AA1-2B9789002D22}.Debug|Any CPU.Build.0 = Debug|Any CPU
		{3BEC5AF2-D5B2-4C59-9AA1-2B9789002D22}.Release|Any CPU.ActiveCfg = Release|Any CPU
		{3BEC5AF2-D5B2-4C59-9AA1-2B9789002D22}.Release|Any CPU.Build.0 = Release|Any CPU
	EndGlobalSection
	GlobalSection(SolutionProperties) = preSolution
		HideSolutionNode = FALSE
	EndGlobalSection
	GlobalSection(ExtensibilityGlobals) = postSolution
		SolutionGuid = {04CF56DB-5EAB-463D-81AB-C17CBB265751}
	EndGlobalSection
EndGlobal
